// !$*UTF8*$!
{
	archiveVersion = 1;
	classes = {
	};
	objectVersion = 56;
	objects = {

/* Begin PBXBuildFile section */
		CE61A827299DF9920051A1BF /* MessageCell.swift in Sources */ = {isa = PBXBuildFile; fileRef = CE61A826299DF9920051A1BF /* MessageCell.swift */; };
		CE61A82A299DF9B70051A1BF /* SnapKit in Frameworks */ = {isa = PBXBuildFile; productRef = CE61A829299DF9B70051A1BF /* SnapKit */; };
		CE61A82D299E030C0051A1BF /* RxAlamofire in Frameworks */ = {isa = PBXBuildFile; productRef = CE61A82C299E030C0051A1BF /* RxAlamofire */; };
		CE61A82F299E06C40051A1BF /* Router.swift in Sources */ = {isa = PBXBuildFile; fileRef = CE61A82E299E06C40051A1BF /* Router.swift */; };
		CEE483F7299CAA6100018E93 /* AppDelegate.swift in Sources */ = {isa = PBXBuildFile; fileRef = CEE483F6299CAA6100018E93 /* AppDelegate.swift */; };
		CEE483F9299CAA6100018E93 /* SceneDelegate.swift in Sources */ = {isa = PBXBuildFile; fileRef = CEE483F8299CAA6100018E93 /* SceneDelegate.swift */; };
		CEE483FB299CAA6100018E93 /* ViewController.swift in Sources */ = {isa = PBXBuildFile; fileRef = CEE483FA299CAA6100018E93 /* ViewController.swift */; };
		CEE483FE299CAA6100018E93 /* Main.storyboard in Resources */ = {isa = PBXBuildFile; fileRef = CEE483FC299CAA6100018E93 /* Main.storyboard */; };
		CEE48400299CAA6300018E93 /* Assets.xcassets in Resources */ = {isa = PBXBuildFile; fileRef = CEE483FF299CAA6300018E93 /* Assets.xcassets */; };
		CEE48403299CAA6300018E93 /* LaunchScreen.storyboard in Resources */ = {isa = PBXBuildFile; fileRef = CEE48401299CAA6300018E93 /* LaunchScreen.storyboard */; };
		CEE4840C299CBF6000018E93 /* RxCocoa in Frameworks */ = {isa = PBXBuildFile; productRef = CEE4840B299CBF6000018E93 /* RxCocoa */; };
		CEE4840E299CBF6000018E93 /* RxRelay in Frameworks */ = {isa = PBXBuildFile; productRef = CEE4840D299CBF6000018E93 /* RxRelay */; };
		CEE48410299CBF6000018E93 /* RxSwift in Frameworks */ = {isa = PBXBuildFile; productRef = CEE4840F299CBF6000018E93 /* RxSwift */; };
		CEE48413299CBF7100018E93 /* Alamofire in Frameworks */ = {isa = PBXBuildFile; productRef = CEE48412299CBF7100018E93 /* Alamofire */; };
		CEE48415299CC33000018E93 /* MessageResponse.swift in Sources */ = {isa = PBXBuildFile; fileRef = CEE48414299CC33000018E93 /* MessageResponse.swift */; };
		CEE48417299CC4F900018E93 /* ChatManager.swift in Sources */ = {isa = PBXBuildFile; fileRef = CEE48416299CC4F900018E93 /* ChatManager.swift */; };
		CEE48419299CC57300018E93 /* ChatAPI.swift in Sources */ = {isa = PBXBuildFile; fileRef = CEE48418299CC57300018E93 /* ChatAPI.swift */; };
/* End PBXBuildFile section */

/* Begin PBXFileReference section */
		CE61A826299DF9920051A1BF /* MessageCell.swift */ = {isa = PBXFileReference; lastKnownFileType = sourcecode.swift; path = MessageCell.swift; sourceTree = "<group>"; };
		CE61A82E299E06C40051A1BF /* Router.swift */ = {isa = PBXFileReference; lastKnownFileType = sourcecode.swift; path = Router.swift; sourceTree = "<group>"; };
		CEE483F3299CAA6100018E93 /* ChatGPT.app */ = {isa = PBXFileReference; explicitFileType = wrapper.application; includeInIndex = 0; path = ChatGPT.app; sourceTree = BUILT_PRODUCTS_DIR; };
		CEE483F6299CAA6100018E93 /* AppDelegate.swift */ = {isa = PBXFileReference; lastKnownFileType = sourcecode.swift; path = AppDelegate.swift; sourceTree = "<group>"; };
		CEE483F8299CAA6100018E93 /* SceneDelegate.swift */ = {isa = PBXFileReference; lastKnownFileType = sourcecode.swift; path = SceneDelegate.swift; sourceTree = "<group>"; };
		CEE483FA299CAA6100018E93 /* ViewController.swift */ = {isa = PBXFileReference; lastKnownFileType = sourcecode.swift; path = ViewController.swift; sourceTree = "<group>"; };
		CEE483FD299CAA6100018E93 /* Base */ = {isa = PBXFileReference; lastKnownFileType = file.storyboard; name = Base; path = Base.lproj/Main.storyboard; sourceTree = "<group>"; };
		CEE483FF299CAA6300018E93 /* Assets.xcassets */ = {isa = PBXFileReference; lastKnownFileType = folder.assetcatalog; path = Assets.xcassets; sourceTree = "<group>"; };
		CEE48402299CAA6300018E93 /* Base */ = {isa = PBXFileReference; lastKnownFileType = file.storyboard; name = Base; path = Base.lproj/LaunchScreen.storyboard; sourceTree = "<group>"; };
		CEE48404299CAA6300018E93 /* Info.plist */ = {isa = PBXFileReference; lastKnownFileType = text.plist.xml; path = Info.plist; sourceTree = "<group>"; };
		CEE48414299CC33000018E93 /* MessageResponse.swift */ = {isa = PBXFileReference; lastKnownFileType = sourcecode.swift; path = MessageResponse.swift; sourceTree = "<group>"; };
		CEE48416299CC4F900018E93 /* ChatManager.swift */ = {isa = PBXFileReference; lastKnownFileType = sourcecode.swift; path = ChatManager.swift; sourceTree = "<group>"; };
		CEE48418299CC57300018E93 /* ChatAPI.swift */ = {isa = PBXFileReference; lastKnownFileType = sourcecode.swift; path = ChatAPI.swift; sourceTree = "<group>"; };
/* End PBXFileReference section */

/* Begin PBXFrameworksBuildPhase section */
		CEE483F0299CAA6100018E93 /* Frameworks */ = {
			isa = PBXFrameworksBuildPhase;
			buildActionMask = 2147483647;
			files = (
				CEE48410299CBF6000018E93 /* RxSwift in Frameworks */,
				CEE48413299CBF7100018E93 /* Alamofire in Frameworks */,
				CEE4840E299CBF6000018E93 /* RxRelay in Frameworks */,
				CE61A82D299E030C0051A1BF /* RxAlamofire in Frameworks */,
				CEE4840C299CBF6000018E93 /* RxCocoa in Frameworks */,
				CE61A82A299DF9B70051A1BF /* SnapKit in Frameworks */,
			);
			runOnlyForDeploymentPostprocessing = 0;
		};
/* End PBXFrameworksBuildPhase section */

/* Begin PBXGroup section */
		CEE483EA299CAA6100018E93 = {
			isa = PBXGroup;
			children = (
				CEE483F5299CAA6100018E93 /* ChatGPT */,
				CEE483F4299CAA6100018E93 /* Products */,
			);
			sourceTree = "<group>";
		};
		CEE483F4299CAA6100018E93 /* Products */ = {
			isa = PBXGroup;
			children = (
				CEE483F3299CAA6100018E93 /* ChatGPT.app */,
			);
			name = Products;
			sourceTree = "<group>";
		};
		CEE483F5299CAA6100018E93 /* ChatGPT */ = {
			isa = PBXGroup;
			children = (
				CEE483F6299CAA6100018E93 /* AppDelegate.swift */,
				CEE483F8299CAA6100018E93 /* SceneDelegate.swift */,
				CEE483FA299CAA6100018E93 /* ViewController.swift */,
				CEE483FC299CAA6100018E93 /* Main.storyboard */,
				CEE483FF299CAA6300018E93 /* Assets.xcassets */,
				CEE48401299CAA6300018E93 /* LaunchScreen.storyboard */,
				CEE48404299CAA6300018E93 /* Info.plist */,
				CEE48414299CC33000018E93 /* MessageResponse.swift */,
				CEE48418299CC57300018E93 /* ChatAPI.swift */,
				CEE48416299CC4F900018E93 /* ChatManager.swift */,
				CE61A826299DF9920051A1BF /* MessageCell.swift */,
				CE61A82E299E06C40051A1BF /* Router.swift */,
			);
			path = ChatGPT;
			sourceTree = "<group>";
		};
/* End PBXGroup section */

/* Begin PBXNativeTarget section */
		CEE483F2299CAA6100018E93 /* ChatGPT */ = {
			isa = PBXNativeTarget;
			buildConfigurationList = CEE48407299CAA6300018E93 /* Build configuration list for PBXNativeTarget "ChatGPT" */;
			buildPhases = (
				CEE483EF299CAA6100018E93 /* Sources */,
				CEE483F0299CAA6100018E93 /* Frameworks */,
				CEE483F1299CAA6100018E93 /* Resources */,
			);
			buildRules = (
			);
			dependencies = (
			);
			name = ChatGPT;
			packageProductDependencies = (
				CEE4840B299CBF6000018E93 /* RxCocoa */,
				CEE4840D299CBF6000018E93 /* RxRelay */,
				CEE4840F299CBF6000018E93 /* RxSwift */,
				CEE48412299CBF7100018E93 /* Alamofire */,
				CE61A829299DF9B70051A1BF /* SnapKit */,
				CE61A82C299E030C0051A1BF /* RxAlamofire */,
			);
			productName = ChatGPT;
			productReference = CEE483F3299CAA6100018E93 /* ChatGPT.app */;
			productType = "com.apple.product-type.application";
		};
/* End PBXNativeTarget section */

/* Begin PBXProject section */
		CEE483EB299CAA6100018E93 /* Project object */ = {
			isa = PBXProject;
			attributes = {
				BuildIndependentTargetsInParallel = 1;
				LastSwiftUpdateCheck = 1400;
				LastUpgradeCheck = 1400;
				TargetAttributes = {
					CEE483F2299CAA6100018E93 = {
						CreatedOnToolsVersion = 14.0;
					};
				};
			};
			buildConfigurationList = CEE483EE299CAA6100018E93 /* Build configuration list for PBXProject "ChatGPT" */;
			compatibilityVersion = "Xcode 14.0";
			developmentRegion = en;
			hasScannedForEncodings = 0;
			knownRegions = (
				en,
				Base,
			);
			mainGroup = CEE483EA299CAA6100018E93;
			packageReferences = (
				CEE4840A299CBF6000018E93 /* XCRemoteSwiftPackageReference "RxSwift" */,
				CEE48411299CBF7100018E93 /* XCRemoteSwiftPackageReference "Alamofire" */,
				CE61A828299DF9B70051A1BF /* XCRemoteSwiftPackageReference "SnapKit" */,
				CE61A82B299E030C0051A1BF /* XCRemoteSwiftPackageReference "RxAlamofire" */,
			);
			productRefGroup = CEE483F4299CAA6100018E93 /* Products */;
			projectDirPath = "";
			projectRoot = "";
			targets = (
				CEE483F2299CAA6100018E93 /* ChatGPT */,
			);
		};
/* End PBXProject section */

/* Begin PBXResourcesBuildPhase section */
		CEE483F1299CAA6100018E93 /* Resources */ = {
			isa = PBXResourcesBuildPhase;
			buildActionMask = 2147483647;
			files = (
				CEE48403299CAA6300018E93 /* LaunchScreen.storyboard in Resources */,
				CEE48400299CAA6300018E93 /* Assets.xcassets in Resources */,
				CEE483FE299CAA6100018E93 /* Main.storyboard in Resources */,
			);
			runOnlyForDeploymentPostprocessing = 0;
		};
/* End PBXResourcesBuildPhase section */

/* Begin PBXSourcesBuildPhase section */
		CEE483EF299CAA6100018E93 /* Sources */ = {
			isa = PBXSourcesBuildPhase;
			buildActionMask = 2147483647;
			files = (
				CE61A82F299E06C40051A1BF /* Router.swift in Sources */,
				CEE48419299CC57300018E93 /* ChatAPI.swift in Sources */,
				CEE483FB299CAA6100018E93 /* ViewController.swift in Sources */,
				CEE483F7299CAA6100018E93 /* AppDelegate.swift in Sources */,
				CEE48415299CC33000018E93 /* MessageResponse.swift in Sources */,
				CEE48417299CC4F900018E93 /* ChatManager.swift in Sources */,
				CEE483F9299CAA6100018E93 /* SceneDelegate.swift in Sources */,
				CE61A827299DF9920051A1BF /* MessageCell.swift in Sources */,
			);
			runOnlyForDeploymentPostprocessing = 0;
		};
/* End PBXSourcesBuildPhase section */

/* Begin PBXVariantGroup section */
		CEE483FC299CAA6100018E93 /* Main.storyboard */ = {
			isa = PBXVariantGroup;
			children = (
				CEE483FD299CAA6100018E93 /* Base */,
			);
			name = Main.storyboard;
			sourceTree = "<group>";
		};
		CEE48401299CAA6300018E93 /* LaunchScreen.storyboard */ = {
			isa = PBXVariantGroup;
			children = (
				CEE48402299CAA6300018E93 /* Base */,
			);
			name = LaunchScreen.storyboard;
			sourceTree = "<group>";
		};
/* End PBXVariantGroup section */

/* Begin XCBuildConfiguration section */
		CEE48405299CAA6300018E93 /* Debug */ = {
			isa = XCBuildConfiguration;
			buildSettings = {
				ALWAYS_SEARCH_USER_PATHS = NO;
				CLANG_ANALYZER_NONNULL = YES;
				CLANG_ANALYZER_NUMBER_OBJECT_CONVERSION = YES_AGGRESSIVE;
				CLANG_CXX_LANGUAGE_STANDARD = "gnu++20";
				CLANG_ENABLE_MODULES = YES;
				CLANG_ENABLE_OBJC_ARC = YES;
				CLANG_ENABLE_OBJC_WEAK = YES;
				CLANG_WARN_BLOCK_CAPTURE_AUTORELEASING = YES;
				CLANG_WARN_BOOL_CONVERSION = YES;
				CLANG_WARN_COMMA = YES;
				CLANG_WARN_CONSTANT_CONVERSION = YES;
				CLANG_WARN_DEPRECATED_OBJC_IMPLEMENTATIONS = YES;
				CLANG_WARN_DIRECT_OBJC_ISA_USAGE = YES_ERROR;
				CLANG_WARN_DOCUMENTATION_COMMENTS = YES;
				CLANG_WARN_EMPTY_BODY = YES;
				CLANG_WARN_ENUM_CONVERSION = YES;
				CLANG_WARN_INFINITE_RECURSION = YES;
				CLANG_WARN_INT_CONVERSION = YES;
				CLANG_WARN_NON_LITERAL_NULL_CONVERSION = YES;
				CLANG_WARN_OBJC_IMPLICIT_RETAIN_SELF = YES;
				CLANG_WARN_OBJC_LITERAL_CONVERSION = YES;
				CLANG_WARN_OBJC_ROOT_CLASS = YES_ERROR;
				CLANG_WARN_QUOTED_INCLUDE_IN_FRAMEWORK_HEADER = YES;
				CLANG_WARN_RANGE_LOOP_ANALYSIS = YES;
				CLANG_WARN_STRICT_PROTOTYPES = YES;
				CLANG_WARN_SUSPICIOUS_MOVE = YES;
				CLANG_WARN_UNGUARDED_AVAILABILITY = YES_AGGRESSIVE;
				CLANG_WARN_UNREACHABLE_CODE = YES;
				CLANG_WARN__DUPLICATE_METHOD_MATCH = YES;
				COPY_PHASE_STRIP = NO;
				DEBUG_INFORMATION_FORMAT = dwarf;
				ENABLE_STRICT_OBJC_MSGSEND = YES;
				ENABLE_TESTABILITY = YES;
				GCC_C_LANGUAGE_STANDARD = gnu11;
				GCC_DYNAMIC_NO_PIC = NO;
				GCC_NO_COMMON_BLOCKS = YES;
				GCC_OPTIMIZATION_LEVEL = 0;
				GCC_PREPROCESSOR_DEFINITIONS = (
					"DEBUG=1",
					"$(inherited)",
				);
				GCC_WARN_64_TO_32_BIT_CONVERSION = YES;
				GCC_WARN_ABOUT_RETURN_TYPE = YES_ERROR;
				GCC_WARN_UNDECLARED_SELECTOR = YES;
				GCC_WARN_UNINITIALIZED_AUTOS = YES_AGGRESSIVE;
				GCC_WARN_UNUSED_FUNCTION = YES;
				GCC_WARN_UNUSED_VARIABLE = YES;
				IPHONEOS_DEPLOYMENT_TARGET = 16.0;
				MTL_ENABLE_DEBUG_INFO = INCLUDE_SOURCE;
				MTL_FAST_MATH = YES;
				ONLY_ACTIVE_ARCH = YES;
				SDKROOT = iphoneos;
				SWIFT_ACTIVE_COMPILATION_CONDITIONS = DEBUG;
				SWIFT_OPTIMIZATION_LEVEL = "-Onone";
			};
			name = Debug;
		};
		CEE48406299CAA6300018E93 /* Release */ = {
			isa = XCBuildConfiguration;
			buildSettings = {
				ALWAYS_SEARCH_USER_PATHS = NO;
				CLANG_ANALYZER_NONNULL = YES;
				CLANG_ANALYZER_NUMBER_OBJECT_CONVERSION = YES_AGGRESSIVE;
				CLANG_CXX_LANGUAGE_STANDARD = "gnu++20";
				CLANG_ENABLE_MODULES = YES;
				CLANG_ENABLE_OBJC_ARC = YES;
				CLANG_ENABLE_OBJC_WEAK = YES;
				CLANG_WARN_BLOCK_CAPTURE_AUTORELEASING = YES;
				CLANG_WARN_BOOL_CONVERSION = YES;
				CLANG_WARN_COMMA = YES;
				CLANG_WARN_CONSTANT_CONVERSION = YES;
				CLANG_WARN_DEPRECATED_OBJC_IMPLEMENTATIONS = YES;
				CLANG_WARN_DIRECT_OBJC_ISA_USAGE = YES_ERROR;
				CLANG_WARN_DOCUMENTATION_COMMENTS = YES;
				CLANG_WARN_EMPTY_BODY = YES;
				CLANG_WARN_ENUM_CONVERSION = YES;
				CLANG_WARN_INFINITE_RECURSION = YES;
				CLANG_WARN_INT_CONVERSION = YES;
				CLANG_WARN_NON_LITERAL_NULL_CONVERSION = YES;
				CLANG_WARN_OBJC_IMPLICIT_RETAIN_SELF = YES;
				CLANG_WARN_OBJC_LITERAL_CONVERSION = YES;
				CLANG_WARN_OBJC_ROOT_CLASS = YES_ERROR;
				CLANG_WARN_QUOTED_INCLUDE_IN_FRAMEWORK_HEADER = YES;
				CLANG_WARN_RANGE_LOOP_ANALYSIS = YES;
				CLANG_WARN_STRICT_PROTOTYPES = YES;
				CLANG_WARN_SUSPICIOUS_MOVE = YES;
				CLANG_WARN_UNGUARDED_AVAILABILITY = YES_AGGRESSIVE;
				CLANG_WARN_UNREACHABLE_CODE = YES;
				CLANG_WARN__DUPLICATE_METHOD_MATCH = YES;
				COPY_PHASE_STRIP = NO;
				DEBUG_INFORMATION_FORMAT = "dwarf-with-dsym";
				ENABLE_NS_ASSERTIONS = NO;
				ENABLE_STRICT_OBJC_MSGSEND = YES;
				GCC_C_LANGUAGE_STANDARD = gnu11;
				GCC_NO_COMMON_BLOCKS = YES;
				GCC_WARN_64_TO_32_BIT_CONVERSION = YES;
				GCC_WARN_ABOUT_RETURN_TYPE = YES_ERROR;
				GCC_WARN_UNDECLARED_SELECTOR = YES;
				GCC_WARN_UNINITIALIZED_AUTOS = YES_AGGRESSIVE;
				GCC_WARN_UNUSED_FUNCTION = YES;
				GCC_WARN_UNUSED_VARIABLE = YES;
				IPHONEOS_DEPLOYMENT_TARGET = 16.0;
				MTL_ENABLE_DEBUG_INFO = NO;
				MTL_FAST_MATH = YES;
				SDKROOT = iphoneos;
				SWIFT_COMPILATION_MODE = wholemodule;
				SWIFT_OPTIMIZATION_LEVEL = "-O";
				VALIDATE_PRODUCT = YES;
			};
			name = Release;
		};
		CEE48408299CAA6300018E93 /* Debug */ = {
			isa = XCBuildConfiguration;
			buildSettings = {
				ASSETCATALOG_COMPILER_APPICON_NAME = AppIcon;
				ASSETCATALOG_COMPILER_GLOBAL_ACCENT_COLOR_NAME = AccentColor;
				CODE_SIGN_STYLE = Automatic;
				CURRENT_PROJECT_VERSION = 1;
				DEVELOPMENT_TEAM = C494SWBQZZ;
				GENERATE_INFOPLIST_FILE = YES;
				INFOPLIST_FILE = ChatGPT/Info.plist;
				INFOPLIST_KEY_UIApplicationSupportsIndirectInputEvents = YES;
				INFOPLIST_KEY_UILaunchStoryboardName = LaunchScreen;
				INFOPLIST_KEY_UIMainStoryboardFile = Main;
				INFOPLIST_KEY_UISupportedInterfaceOrientations_iPad = "UIInterfaceOrientationPortrait UIInterfaceOrientationPortraitUpsideDown UIInterfaceOrientationLandscapeLeft UIInterfaceOrientationLandscapeRight";
				INFOPLIST_KEY_UISupportedInterfaceOrientations_iPhone = "UIInterfaceOrientationPortrait UIInterfaceOrientationLandscapeLeft UIInterfaceOrientationLandscapeRight";
				LD_RUNPATH_SEARCH_PATHS = (
					"$(inherited)",
					"@executable_path/Frameworks",
				);
				MARKETING_VERSION = 1.0;
				PRODUCT_BUNDLE_IDENTIFIER = sh.ChatGPT;
				PRODUCT_NAME = "$(TARGET_NAME)";
				SWIFT_EMIT_LOC_STRINGS = YES;
				SWIFT_VERSION = 5.0;
				TARGETED_DEVICE_FAMILY = "1,2";
			};
			name = Debug;
		};
		CEE48409299CAA6300018E93 /* Release */ = {
			isa = XCBuildConfiguration;
			buildSettings = {
				ASSETCATALOG_COMPILER_APPICON_NAME = AppIcon;
				ASSETCATALOG_COMPILER_GLOBAL_ACCENT_COLOR_NAME = AccentColor;
				CODE_SIGN_STYLE = Automatic;
				CURRENT_PROJECT_VERSION = 1;
				DEVELOPMENT_TEAM = C494SWBQZZ;
				GENERATE_INFOPLIST_FILE = YES;
				INFOPLIST_FILE = ChatGPT/Info.plist;
				INFOPLIST_KEY_UIApplicationSupportsIndirectInputEvents = YES;
				INFOPLIST_KEY_UILaunchStoryboardName = LaunchScreen;
				INFOPLIST_KEY_UIMainStoryboardFile = Main;
				INFOPLIST_KEY_UISupportedInterfaceOrientations_iPad = "UIInterfaceOrientationPortrait UIInterfaceOrientationPortraitUpsideDown UIInterfaceOrientationLandscapeLeft UIInterfaceOrientationLandscapeRight";
				INFOPLIST_KEY_UISupportedInterfaceOrientations_iPhone = "UIInterfaceOrientationPortrait UIInterfaceOrientationLandscapeLeft UIInterfaceOrientationLandscapeRight";
				LD_RUNPATH_SEARCH_PATHS = (
					"$(inherited)",
					"@executable_path/Frameworks",
				);
				MARKETING_VERSION = 1.0;
				PRODUCT_BUNDLE_IDENTIFIER = sh.ChatGPT;
				PRODUCT_NAME = "$(TARGET_NAME)";
				SWIFT_EMIT_LOC_STRINGS = YES;
				SWIFT_VERSION = 5.0;
				TARGETED_DEVICE_FAMILY = "1,2";
			};
			name = Release;
		};
/* End XCBuildConfiguration section */

/* Begin XCConfigurationList section */
		CEE483EE299CAA6100018E93 /* Build configuration list for PBXProject "ChatGPT" */ = {
			isa = XCConfigurationList;
			buildConfigurations = (
				CEE48405299CAA6300018E93 /* Debug */,
				CEE48406299CAA6300018E93 /* Release */,
			);
			defaultConfigurationIsVisible = 0;
			defaultConfigurationName = Release;
		};
		CEE48407299CAA6300018E93 /* Build configuration list for PBXNativeTarget "ChatGPT" */ = {
			isa = XCConfigurationList;
			buildConfigurations = (
				CEE48408299CAA6300018E93 /* Debug */,
				CEE48409299CAA6300018E93 /* Release */,
			);
			defaultConfigurationIsVisible = 0;
			defaultConfigurationName = Release;
		};
/* End XCConfigurationList section */

/* Begin XCRemoteSwiftPackageReference section */
		CE61A828299DF9B70051A1BF /* XCRemoteSwiftPackageReference "SnapKit" */ = {
			isa = XCRemoteSwiftPackageReference;
			repositoryURL = "https://github.com/SnapKit/SnapKit.git";
			requirement = {
				branch = develop;
				kind = branch;
			};
		};
		CE61A82B299E030C0051A1BF /* XCRemoteSwiftPackageReference "RxAlamofire" */ = {
			isa = XCRemoteSwiftPackageReference;
			repositoryURL = "https://github.com/RxSwiftCommunity/RxAlamofire.git";
			requirement = {
				branch = main;
				kind = branch;
			};
		};
		CEE4840A299CBF6000018E93 /* XCRemoteSwiftPackageReference "RxSwift" */ = {
			isa = XCRemoteSwiftPackageReference;
			repositoryURL = "https://github.com/ReactiveX/RxSwift.git";
			requirement = {
				branch = main;
				kind = branch;
			};
		};
		CEE48411299CBF7100018E93 /* XCRemoteSwiftPackageReference "Alamofire" */ = {
			isa = XCRemoteSwiftPackageReference;
			repositoryURL = "https://github.com/Alamofire/Alamofire.git";
			requirement = {
				branch = master;
				kind = branch;
			};
		};
/* End XCRemoteSwiftPackageReference section */

/* Begin XCSwiftPackageProductDependency section */
		CE61A829299DF9B70051A1BF /* SnapKit */ = {
			isa = XCSwiftPackageProductDependency;
			package = CE61A828299DF9B70051A1BF /* XCRemoteSwiftPackageReference "SnapKit" */;
			productName = SnapKit;
		};
		CE61A82C299E030C0051A1BF /* RxAlamofire */ = {
			isa = XCSwiftPackageProductDependency;
			package = CE61A82B299E030C0051A1BF /* XCRemoteSwiftPackageReference "RxAlamofire" */;
			productName = RxAlamofire;
		};
		CEE4840B299CBF6000018E93 /* RxCocoa */ = {
			isa = XCSwiftPackageProductDependency;
			package = CEE4840A299CBF6000018E93 /* XCRemoteSwiftPackageReference "RxSwift" */;
			productName = RxCocoa;
		};
		CEE4840D299CBF6000018E93 /* RxRelay */ = {
			isa = XCSwiftPackageProductDependency;
			package = CEE4840A299CBF6000018E93 /* XCRemoteSwiftPackageReference "RxSwift" */;
			productName = RxRelay;
		};
		CEE4840F299CBF6000018E93 /* RxSwift */ = {
			isa = XCSwiftPackageProductDependency;
			package = CEE4840A299CBF6000018E93 /* XCRemoteSwiftPackageReference "RxSwift" */;
			productName = RxSwift;
		};
		CEE48412299CBF7100018E93 /* Alamofire */ = {
			isa = XCSwiftPackageProductDependency;
			package = CEE48411299CBF7100018E93 /* XCRemoteSwiftPackageReference "Alamofire" */;
			productName = Alamofire;
		};
/* End XCSwiftPackageProductDependency section */
	};
	rootObject = CEE483EB299CAA6100018E93 /* Project object */;
}
